// !$*UTF8*$!
{
	archiveVersion = 1;
	classes = {
	};
	objectVersion = 46;
	objects = {

/* Begin PBXBuildFile section */
		D716E7EC1AD2C5D500B87237 /* Camera.swift in Sources */ = {isa = PBXBuildFile; fileRef = D716E7EB1AD2C5D500B87237 /* Camera.swift */; };
		D776CE7B1AD1345000547AD1 /* AppDelegate.swift in Sources */ = {isa = PBXBuildFile; fileRef = D776CE7A1AD1345000547AD1 /* AppDelegate.swift */; };
		D776CE7D1AD1345000547AD1 /* ViewController.swift in Sources */ = {isa = PBXBuildFile; fileRef = D776CE7C1AD1345000547AD1 /* ViewController.swift */; };
		D776CE801AD1345000547AD1 /* Main.storyboard in Resources */ = {isa = PBXBuildFile; fileRef = D776CE7E1AD1345000547AD1 /* Main.storyboard */; };
		D776CE821AD1345000547AD1 /* Images.xcassets in Resources */ = {isa = PBXBuildFile; fileRef = D776CE811AD1345000547AD1 /* Images.xcassets */; };
		D776CE851AD1345000547AD1 /* LaunchScreen.xib in Resources */ = {isa = PBXBuildFile; fileRef = D776CE831AD1345000547AD1 /* LaunchScreen.xib */; };
		D776CE911AD1345000547AD1 /* LifeLogCameraTests.swift in Sources */ = {isa = PBXBuildFile; fileRef = D776CE901AD1345000547AD1 /* LifeLogCameraTests.swift */; };
/* End PBXBuildFile section */

/* Begin PBXContainerItemProxy section */
		D776CE8B1AD1345000547AD1 /* PBXContainerItemProxy */ = {
			isa = PBXContainerItemProxy;
			containerPortal = D776CE6D1AD1345000547AD1 /* Project object */;
			proxyType = 1;
			remoteGlobalIDString = D776CE741AD1345000547AD1;
			remoteInfo = LifeLogCamera;
		};
/* End PBXContainerItemProxy section */

/* Begin PBXFileReference section */
		D716E7EB1AD2C5D500B87237 /* Camera.swift */ = {isa = PBXFileReference; fileEncoding = 4; lastKnownFileType = sourcecode.swift; path = Camera.swift; sourceTree = "<group>"; };
		D776CE751AD1345000547AD1 /* LifeLogCamera.app */ = {isa = PBXFileReference; explicitFileType = wrapper.application; includeInIndex = 0; path = LifeLogCamera.app; sourceTree = BUILT_PRODUCTS_DIR; };
		D776CE791AD1345000547AD1 /* Info.plist */ = {isa = PBXFileReference; lastKnownFileType = text.plist.xml; path = Info.plist; sourceTree = "<group>"; };
		D776CE7A1AD1345000547AD1 /* AppDelegate.swift */ = {isa = PBXFileReference; lastKnownFileType = sourcecode.swift; path = AppDelegate.swift; sourceTree = "<group>"; };
		D776CE7C1AD1345000547AD1 /* ViewController.swift */ = {isa = PBXFileReference; lastKnownFileType = sourcecode.swift; path = ViewController.swift; sourceTree = "<group>"; };
		D776CE7F1AD1345000547AD1 /* Base */ = {isa = PBXFileReference; lastKnownFileType = file.storyboard; name = Base; path = Base.lproj/Main.storyboard; sourceTree = "<group>"; };
		D776CE811AD1345000547AD1 /* Images.xcassets */ = {isa = PBXFileReference; lastKnownFileType = folder.assetcatalog; path = Images.xcassets; sourceTree = "<group>"; };
		D776CE841AD1345000547AD1 /* Base */ = {isa = PBXFileReference; lastKnownFileType = file.xib; name = Base; path = Base.lproj/LaunchScreen.xib; sourceTree = "<group>"; };
		D776CE8A1AD1345000547AD1 /* LifeLogCameraTests.xctest */ = {isa = PBXFileReference; explicitFileType = wrapper.cfbundle; includeInIndex = 0; path = LifeLogCameraTests.xctest; sourceTree = BUILT_PRODUCTS_DIR; };
		D776CE8F1AD1345000547AD1 /* Info.plist */ = {isa = PBXFileReference; lastKnownFileType = text.plist.xml; path = Info.plist; sourceTree = "<group>"; };
		D776CE901AD1345000547AD1 /* LifeLogCameraTests.swift */ = {isa = PBXFileReference; lastKnownFileType = sourcecode.swift; path = LifeLogCameraTests.swift; sourceTree = "<group>"; };
/* End PBXFileReference section */

/* Begin PBXFrameworksBuildPhase section */
		D776CE721AD1345000547AD1 /* Frameworks */ = {
			isa = PBXFrameworksBuildPhase;
			buildActionMask = 2147483647;
			files = (
			);
			runOnlyForDeploymentPostprocessing = 0;
		};
		D776CE871AD1345000547AD1 /* Frameworks */ = {
			isa = PBXFrameworksBuildPhase;
			buildActionMask = 2147483647;
			files = (
			);
			runOnlyForDeploymentPostprocessing = 0;
		};
/* End PBXFrameworksBuildPhase section */

/* Begin PBXGroup section */
		D776CE6C1AD1345000547AD1 = {
			isa = PBXGroup;
			children = (
				D776CE771AD1345000547AD1 /* LifeLogCamera */,
				D776CE8D1AD1345000547AD1 /* LifeLogCameraTests */,
				D776CE761AD1345000547AD1 /* Products */,
			);
			sourceTree = "<group>";
		};
		D776CE761AD1345000547AD1 /* Products */ = {
			isa = PBXGroup;
			children = (
				D776CE751AD1345000547AD1 /* LifeLogCamera.app */,
				D776CE8A1AD1345000547AD1 /* LifeLogCameraTests.xctest */,
			);
			name = Products;
			sourceTree = "<group>";
		};
		D776CE771AD1345000547AD1 /* LifeLogCamera */ = {
			isa = PBXGroup;
			children = (
				D776CE7A1AD1345000547AD1 /* AppDelegate.swift */,
				D776CE7C1AD1345000547AD1 /* ViewController.swift */,
				D716E7EB1AD2C5D500B87237 /* Camera.swift */,
				D776CE7E1AD1345000547AD1 /* Main.storyboard */,
				D776CE811AD1345000547AD1 /* Images.xcassets */,
				D776CE831AD1345000547AD1 /* LaunchScreen.xib */,
				D776CE781AD1345000547AD1 /* Supporting Files */,
			);
			path = LifeLogCamera;
			sourceTree = "<group>";
		};
		D776CE781AD1345000547AD1 /* Supporting Files */ = {
			isa = PBXGroup;
			children = (
				D776CE791AD1345000547AD1 /* Info.plist */,
			);
			name = "Supporting Files";
			sourceTree = "<group>";
		};
		D776CE8D1AD1345000547AD1 /* LifeLogCameraTests */ = {
			isa = PBXGroup;
			children = (
				D776CE901AD1345000547AD1 /* LifeLogCameraTests.swift */,
				D776CE8E1AD1345000547AD1 /* Supporting Files */,
			);
			path = LifeLogCameraTests;
			sourceTree = "<group>";
		};
		D776CE8E1AD1345000547AD1 /* Supporting Files */ = {
			isa = PBXGroup;
			children = (
				D776CE8F1AD1345000547AD1 /* Info.plist */,
			);
			name = "Supporting Files";
			sourceTree = "<group>";
		};
/* End PBXGroup section */

/* Begin PBXNativeTarget section */
		D776CE741AD1345000547AD1 /* LifeLogCamera */ = {
			isa = PBXNativeTarget;
			buildConfigurationList = D776CE941AD1345000547AD1 /* Build configuration list for PBXNativeTarget "LifeLogCamera" */;
			buildPhases = (
				D776CE711AD1345000547AD1 /* Sources */,
				D776CE721AD1345000547AD1 /* Frameworks */,
				D776CE731AD1345000547AD1 /* Resources */,
			);
			buildRules = (
			);
			dependencies = (
			);
			name = LifeLogCamera;
			productName = LifeLogCamera;
			productReference = D776CE751AD1345000547AD1 /* LifeLogCamera.app */;
			productType = "com.apple.product-type.application";
		};
		D776CE891AD1345000547AD1 /* LifeLogCameraTests */ = {
			isa = PBXNativeTarget;
			buildConfigurationList = D776CE971AD1345000547AD1 /* Build configuration list for PBXNativeTarget "LifeLogCameraTests" */;
			buildPhases = (
				D776CE861AD1345000547AD1 /* Sources */,
				D776CE871AD1345000547AD1 /* Frameworks */,
				D776CE881AD1345000547AD1 /* Resources */,
			);
			buildRules = (
			);
			dependencies = (
				D776CE8C1AD1345000547AD1 /* PBXTargetDependency */,
			);
			name = LifeLogCameraTests;
			productName = LifeLogCameraTests;
			productReference = D776CE8A1AD1345000547AD1 /* LifeLogCameraTests.xctest */;
			productType = "com.apple.product-type.bundle.unit-test";
		};
/* End PBXNativeTarget section */

/* Begin PBXProject section */
		D776CE6D1AD1345000547AD1 /* Project object */ = {
			isa = PBXProject;
			attributes = {
				LastUpgradeCheck = 0620;
				ORGANIZATIONNAME = Mindlit;
				TargetAttributes = {
					D776CE741AD1345000547AD1 = {
						CreatedOnToolsVersion = 6.2;
						DevelopmentTeam = 5SKD83S59G;
						SystemCapabilities = {
							com.apple.BackgroundModes = {
								enabled = 1;
							};
						};
					};
					D776CE891AD1345000547AD1 = {
						CreatedOnToolsVersion = 6.2;
						TestTargetID = D776CE741AD1345000547AD1;
					};
				};
			};
			buildConfigurationList = D776CE701AD1345000547AD1 /* Build configuration list for PBXProject "LifeLogCamera" */;
			compatibilityVersion = "Xcode 3.2";
			developmentRegion = English;
			hasScannedForEncodings = 0;
			knownRegions = (
				en,
				Base,
			);
			mainGroup = D776CE6C1AD1345000547AD1;
			productRefGroup = D776CE761AD1345000547AD1 /* Products */;
			projectDirPath = "";
			projectRoot = "";
			targets = (
				D776CE741AD1345000547AD1 /* LifeLogCamera */,
				D776CE891AD1345000547AD1 /* LifeLogCameraTests */,
			);
		};
/* End PBXProject section */

/* Begin PBXResourcesBuildPhase section */
		D776CE731AD1345000547AD1 /* Resources */ = {
			isa = PBXResourcesBuildPhase;
			buildActionMask = 2147483647;
			files = (
				D776CE801AD1345000547AD1 /* Main.storyboard in Resources */,
				D776CE851AD1345000547AD1 /* LaunchScreen.xib in Resources */,
				D776CE821AD1345000547AD1 /* Images.xcassets in Resources */,
			);
			runOnlyForDeploymentPostprocessing = 0;
		};
		D776CE881AD1345000547AD1 /* Resources */ = {
			isa = PBXResourcesBuildPhase;
			buildActionMask = 2147483647;
			files = (
			);
			runOnlyForDeploymentPostprocessing = 0;
		};
/* End PBXResourcesBuildPhase section */

/* Begin PBXSourcesBuildPhase section */
		D776CE711AD1345000547AD1 /* Sources */ = {
			isa = PBXSourcesBuildPhase;
			buildActionMask = 2147483647;
			files = (
				D776CE7D1AD1345000547AD1 /* ViewController.swift in Sources */,
				D776CE7B1AD1345000547AD1 /* AppDelegate.swift in Sources */,
				D716E7EC1AD2C5D500B87237 /* Camera.swift in Sources */,
			);
			runOnlyForDeploymentPostprocessing = 0;
		};
		D776CE861AD1345000547AD1 /* Sources */ = {
			isa = PBXSourcesBuildPhase;
			buildActionMask = 2147483647;
			files = (
				D776CE911AD1345000547AD1 /* LifeLogCameraTests.swift in Sources */,
			);
			runOnlyForDeploymentPostprocessing = 0;
		};
/* End PBXSourcesBuildPhase section */

/* Begin PBXTargetDependency section */
		D776CE8C1AD1345000547AD1 /* PBXTargetDependency */ = {
			isa = PBXTargetDependency;
			target = D776CE741AD1345000547AD1 /* LifeLogCamera */;
			targetProxy = D776CE8B1AD1345000547AD1 /* PBXContainerItemProxy */;
		};
/* End PBXTargetDependency section */

/* Begin PBXVariantGroup section */
		D776CE7E1AD1345000547AD1 /* Main.storyboard */ = {
			isa = PBXVariantGroup;
			children = (
				D776CE7F1AD1345000547AD1 /* Base */,
			);
			name = Main.storyboard;
			sourceTree = "<group>";
		};
		D776CE831AD1345000547AD1 /* LaunchScreen.xib */ = {
			isa = PBXVariantGroup;
			children = (
				D776CE841AD1345000547AD1 /* Base */,
			);
			name = LaunchScreen.xib;
			sourceTree = "<group>";
		};
/* End PBXVariantGroup section */

/* Begin XCBuildConfiguration section */
		D776CE921AD1345000547AD1 /* Debug */ = {
			isa = XCBuildConfiguration;
			buildSettings = {
				ALWAYS_SEARCH_USER_PATHS = NO;
				CLANG_CXX_LANGUAGE_STANDARD = "gnu++0x";
				CLANG_CXX_LIBRARY = "libc++";
				CLANG_ENABLE_MODULES = YES;
				CLANG_ENABLE_OBJC_ARC = YES;
				CLANG_WARN_BOOL_CONVERSION = YES;
				CLANG_WARN_CONSTANT_CONVERSION = YES;
				CLANG_WARN_DIRECT_OBJC_ISA_USAGE = YES_ERROR;
				CLANG_WARN_EMPTY_BODY = YES;
				CLANG_WARN_ENUM_CONVERSION = YES;
				CLANG_WARN_INT_CONVERSION = YES;
				CLANG_WARN_OBJC_ROOT_CLASS = YES_ERROR;
				CLANG_WARN_UNREACHABLE_CODE = YES;
				CLANG_WARN__DUPLICATE_METHOD_MATCH = YES;
				"CODE_SIGN_IDENTITY[sdk=iphoneos*]" = "iPhone Developer";
				COPY_PHASE_STRIP = NO;
				ENABLE_STRICT_OBJC_MSGSEND = YES;
				GCC_C_LANGUAGE_STANDARD = gnu99;
				GCC_DYNAMIC_NO_PIC = NO;
				GCC_OPTIMIZATION_LEVEL = 0;
				GCC_PREPROCESSOR_DEFINITIONS = (
					"DEBUG=1",
					"$(inherited)",
				);
				GCC_SYMBOLS_PRIVATE_EXTERN = NO;
				GCC_WARN_64_TO_32_BIT_CONVERSION = YES;
				GCC_WARN_ABOUT_RETURN_TYPE = YES_ERROR;
				GCC_WARN_UNDECLARED_SELECTOR = YES;
				GCC_WARN_UNINITIALIZED_AUTOS = YES_AGGRESSIVE;
				GCC_WARN_UNUSED_FUNCTION = YES;
				GCC_WARN_UNUSED_VARIABLE = YES;
				IPHONEOS_DEPLOYMENT_TARGET = 7.0;
				MTL_ENABLE_DEBUG_INFO = YES;
				ONLY_ACTIVE_ARCH = YES;
				SDKROOT = iphoneos;
				SWIFT_OPTIMIZATION_LEVEL = "-Onone";
			};
			name = Debug;
		};
		D776CE931AD1345000547AD1 /* Release */ = {
			isa = XCBuildConfiguration;
			buildSettings = {
				ALWAYS_SEARCH_USER_PATHS = NO;
				CLANG_CXX_LANGUAGE_STANDARD = "gnu++0x";
				CLANG_CXX_LIBRARY = "libc++";
				CLANG_ENABLE_MODULES = YES;
				CLANG_ENABLE_OBJC_ARC = YES;
				CLANG_WARN_BOOL_CONVERSION = YES;
				CLANG_WARN_CONSTANT_CONVERSION = YES;
				CLANG_WARN_DIRECT_OBJC_ISA_USAGE = YES_ERROR;
				CLANG_WARN_EMPTY_BODY = YES;
				CLANG_WARN_ENUM_CONVERSION = YES;
				CLANG_WARN_INT_CONVERSION = YES;
				CLANG_WARN_OBJC_ROOT_CLASS = YES_ERROR;
				CLANG_WARN_UNREACHABLE_CODE = YES;
				CLANG_WARN__DUPLICATE_METHOD_MATCH = YES;
				"CODE_SIGN_IDENTITY[sdk=iphoneos*]" = "iPhone Developer";
				COPY_PHASE_STRIP = NO;
				ENABLE_NS_ASSERTIONS = NO;
				ENABLE_STRICT_OBJC_MSGSEND = YES;
				GCC_C_LANGUAGE_STANDARD = gnu99;
				GCC_WARN_64_TO_32_BIT_CONVERSION = YES;
				GCC_WARN_ABOUT_RETURN_TYPE = YES_ERROR;
				GCC_WARN_UNDECLARED_SELECTOR = YES;
				GCC_WARN_UNINITIALIZED_AUTOS = YES_AGGRESSIVE;
				GCC_WARN_UNUSED_FUNCTION = YES;
				GCC_WARN_UNUSED_VARIABLE = YES;
				IPHONEOS_DEPLOYMENT_TARGET = 7.0;
				MTL_ENABLE_DEBUG_INFO = NO;
				SDKROOT = iphoneos;
				VALIDATE_PRODUCT = YES;
			};
			name = Release;
		};
		D776CE951AD1345000547AD1 /* Debug */ = {
			isa = XCBuildConfiguration;
			buildSettings = {
				ASSETCATALOG_COMPILER_APPICON_NAME = AppIcon;
				CODE_SIGN_IDENTITY = "iPhone Developer";
				"CODE_SIGN_IDENTITY[sdk=iphoneos*]" = "iPhone Developer";
				INFOPLIST_FILE = LifeLogCamera/Info.plist;
				LD_RUNPATH_SEARCH_PATHS = "$(inherited) @executable_path/Frameworks";
				PRODUCT_NAME = "$(TARGET_NAME)";
				PROVISIONING_PROFILE = "";
			};
			name = Debug;
		};
		D776CE961AD1345000547AD1 /* Release */ = {
			isa = XCBuildConfiguration;
			buildSettings = {
				ASSETCATALOG_COMPILER_APPICON_NAME = AppIcon;
				CODE_SIGN_IDENTITY = "iPhone Developer";
				"CODE_SIGN_IDENTITY[sdk=iphoneos*]" = "iPhone Developer";
				INFOPLIST_FILE = LifeLogCamera/Info.plist;
				LD_RUNPATH_SEARCH_PATHS = "$(inherited) @executable_path/Frameworks";
				PRODUCT_NAME = "$(TARGET_NAME)";
				PROVISIONING_PROFILE = "";
			};
			name = Release;
		};
		D776CE981AD1345000547AD1 /* Debug */ = {
			isa = XCBuildConfiguration;
			buildSettings = {
				BUNDLE_LOADER = "$(TEST_HOST)";
				FRAMEWORK_SEARCH_PATHS = (
					"$(SDKROOT)/Developer/Library/Frameworks",
					"$(inherited)",
				);
				GCC_PREPROCESSOR_DEFINITIONS = (
					"DEBUG=1",
					"$(inherited)",
				);
				INFOPLIST_FILE = LifeLogCameraTests/Info.plist;
				LD_RUNPATH_SEARCH_PATHS = "$(inherited) @executable_path/Frameworks @loader_path/Frameworks";
				PRODUCT_NAME = "$(TARGET_NAME)";
				TEST_HOST = "$(BUILT_PRODUCTS_DIR)/LifeLogCamera.app/LifeLogCamera";
			};
			name = Debug;
		};
		D776CE991AD1345000547AD1 /* Release */ = {
			isa = XCBuildConfiguration;
			buildSettings = {
				BUNDLE_LOADER = "$(TEST_HOST)";
				FRAMEWORK_SEARCH_PATHS = (
					"$(SDKROOT)/Developer/Library/Frameworks",
					"$(inherited)",
				);
				INFOPLIST_FILE = LifeLogCameraTests/Info.plist;
				LD_RUNPATH_SEARCH_PATHS = "$(inherited) @executable_path/Frameworks @loader_path/Frameworks";
				PRODUCT_NAME = "$(TARGET_NAME)";
				TEST_HOST = "$(BUILT_PRODUCTS_DIR)/LifeLogCamera.app/LifeLogCamera";
			};
			name = Release;
		};
/* End XCBuildConfiguration section */

/* Begin XCConfigurationList section */
		D776CE701AD1345000547AD1 /* Build configuration list for PBXProject "LifeLogCamera" */ = {
			isa = XCConfigurationList;
			buildConfigurations = (
				D776CE921AD1345000547AD1 /* Debug */,
				D776CE931AD1345000547AD1 /* Release */,
			);
			defaultConfigurationIsVisible = 0;
			defaultConfigurationName = Release;
		};
		D776CE941AD1345000547AD1 /* Build configuration list for PBXNativeTarget "LifeLogCamera" */ = {
			isa = XCConfigurationList;
			buildConfigurations = (
				D776CE951AD1345000547AD1 /* Debug */,
				D776CE961AD1345000547AD1 /* Release */,
			);
			defaultConfigurationIsVisible = 0;
			defaultConfigurationName = Release;
		};
		D776CE971AD1345000547AD1 /* Build configuration list for PBXNativeTarget "LifeLogCameraTests" */ = {
			isa = XCConfigurationList;
			buildConfigurations = (
				D776CE981AD1345000547AD1 /* Debug */,
				D776CE991AD1345000547AD1 /* Release */,
			);
			defaultConfigurationIsVisible = 0;
			defaultConfigurationName = Release;
		};
/* End XCConfigurationList section */
	};
	rootObject = D776CE6D1AD1345000547AD1 /* Project object */;
}
